<?xml version="1.0" encoding="utf-8"?>
<Project ToolsVersion="4.0" xmlns="http://schemas.microsoft.com/developer/msbuild/2003">
  <ItemGroup>
    <ClCompile Include="App.cpp">
      <Filter>GameEngine\App</Filter>
    </ClCompile>
    <ClCompile Include="SideQuestMain.cpp">
      <Filter>GameEngine\Misc</Filter>
    </ClCompile>
    <ClCompile Include="Libs.cpp">
      <Filter>GameEngine\Misc</Filter>
    </ClCompile>
    <ClCompile Include="Config.cpp">
      <Filter>GameEngine\Config</Filter>
    </ClCompile>
    <ClCompile Include="StateManager.cpp">
      <Filter>GameEngine\StateManager</Filter>
    </ClCompile>
    <ClCompile Include="CircleState.cpp">
      <Filter>Game\States\CircleState</Filter>
    </ClCompile>
    <ClCompile Include="RectState.cpp">
      <Filter>Game\States\RectState</Filter>
    </ClCompile>
    <ClCompile Include="Stack.cpp">
      <Filter>GameEngine\Stack</Filter>
    </ClCompile>
    <ClCompile Include="StartupState.cpp">
      <Filter>Game\States\Startup</Filter>
    </ClCompile>
    <ClCompile Include="InputManager.cpp">
      <Filter>GameEngine\InputManager</Filter>
    </ClCompile>
    <ClCompile Include="MainMenuState.cpp">
      <Filter>Game\States\MainMenuState</Filter>
    </ClCompile>
    <ClCompile Include="Button.cpp">
      <Filter>GameEngine\Menu\Button</Filter>
    </ClCompile>
    <ClCompile Include="Menu.cpp">
      <Filter>GameEngine\Menu\Menu</Filter>
    </ClCompile>
    <ClCompile Include="CreditState.cpp">
      <Filter>Game\States\CreditState</Filter>
    </ClCompile>
    <ClCompile Include="OptionState.cpp">
      <Filter>Game\States\OptionState</Filter>
    </ClCompile>
    <ClCompile Include="Tilemap.cpp">
      <Filter>GameEngine\Tilemap</Filter>
    </ClCompile>
    <ClCompile Include="PlayState.cpp">
      <Filter>Game\States\PlayState</Filter>
    </ClCompile>
    <ClCompile Include="TilemapObject.cpp" />
  </ItemGroup>
  <ItemGroup>
    <Filter Include="Game">
      <UniqueIdentifier>{0945d9f8-cd53-41ba-bc71-fed0a52e67eb}</UniqueIdentifier>
    </Filter>
    <Filter Include="Game\States">
      <UniqueIdentifier>{a746d35f-bf1c-4a29-bc12-2e8291e1bd81}</UniqueIdentifier>
    </Filter>
    <Filter Include="Game\States\RectState">
      <UniqueIdentifier>{0bf93ff3-6d9f-4800-9937-f5771cd09b44}</UniqueIdentifier>
    </Filter>
    <Filter Include="Game\States\CircleState">
      <UniqueIdentifier>{92dd5b34-7c41-4349-8131-5061e89620b2}</UniqueIdentifier>
    </Filter>
    <Filter Include="GameEngine">
      <UniqueIdentifier>{41a3a34a-9993-49dc-82dd-0e25e3b99fe3}</UniqueIdentifier>
    </Filter>
    <Filter Include="GameEngine\App">
      <UniqueIdentifier>{81ab6f8b-727e-4ca2-ad64-0e2377dc5b56}</UniqueIdentifier>
    </Filter>
    <Filter Include="GameEngine\Misc">
      <UniqueIdentifier>{46d8ef35-f88a-425a-b24d-6702dd82f2a2}</UniqueIdentifier>
    </Filter>
    <Filter Include="GameEngine\Config">
      <UniqueIdentifier>{b9d8f48a-358e-4678-8bbe-4a7813dded79}</UniqueIdentifier>
    </Filter>
    <Filter Include="GameEngine\StateManager">
      <UniqueIdentifier>{f9068ab1-827f-41b8-9c66-6b2cf1a1c51e}</UniqueIdentifier>
    </Filter>
    <Filter Include="GameEngine\Stack">
      <UniqueIdentifier>{407d92bc-6f18-4ac9-ace8-b169d0ac1971}</UniqueIdentifier>
    </Filter>
    <Filter Include="Game\States\Startup">
      <UniqueIdentifier>{f87db9cf-3e48-4e67-8006-6ad6a6aeb0c7}</UniqueIdentifier>
    </Filter>
    <Filter Include="GameEngine\ResourceManager">
      <UniqueIdentifier>{39b218fa-20ca-4940-abdc-ae1ca0fb4576}</UniqueIdentifier>
    </Filter>
    <Filter Include="GameEngine\InputManager">
      <UniqueIdentifier>{dba41dac-d16c-44e2-a5c1-0922bb8174dd}</UniqueIdentifier>
    </Filter>
    <Filter Include="Game\States\MainMenuState">
      <UniqueIdentifier>{d4807c17-db76-4ab0-b49e-1ee2a855f685}</UniqueIdentifier>
    </Filter>
    <Filter Include="GameEngine\Menu">
      <UniqueIdentifier>{a070a554-a8f6-4f9a-8c37-add6a87b9d26}</UniqueIdentifier>
    </Filter>
    <Filter Include="GameEngine\Menu\Menu">
      <UniqueIdentifier>{47c6a0b2-9af7-4db0-b66b-9053a56166fb}</UniqueIdentifier>
    </Filter>
    <Filter Include="GameEngine\Menu\Button">
      <UniqueIdentifier>{188d4203-ea29-492d-b8e9-b3dc402c0313}</UniqueIdentifier>
    </Filter>
    <Filter Include="Game\States\CreditState">
      <UniqueIdentifier>{8b5aa450-2cd8-472a-8239-a3fc83841b7e}</UniqueIdentifier>
    </Filter>
    <Filter Include="Game\States\OptionState">
      <UniqueIdentifier>{42fc4779-c326-4863-8773-d8fdfb825bec}</UniqueIdentifier>
    </Filter>
    <Filter Include="Game\States\PlayState">
      <UniqueIdentifier>{96125bb5-d6c9-47f6-a9c4-1322ad0e6b48}</UniqueIdentifier>
    </Filter>
    <Filter Include="GameEngine\Tilemap">
      <UniqueIdentifier>{82fd8950-55c1-448c-9344-79577370a21a}</UniqueIdentifier>
    </Filter>
  </ItemGroup>
  <ItemGroup>
    <ClInclude Include="App.h">
      <Filter>GameEngine\App</Filter>
    </ClInclude>
    <ClInclude Include="Config.h">
      <Filter>GameEngine\Config</Filter>
    </ClInclude>
    <ClInclude Include="string_op.h">
      <Filter>GameEngine\Misc</Filter>
    </ClInclude>
    <ClInclude Include="StateManager.h">
      <Filter>GameEngine\StateManager</Filter>
    </ClInclude>
    <ClInclude Include="State.h">
      <Filter>GameEngine\StateManager</Filter>
    </ClInclude>
    <ClInclude Include="CircleState.h">
      <Filter>Game\States\CircleState</Filter>
    </ClInclude>
    <ClInclude Include="RectState.h">
      <Filter>Game\States\RectState</Filter>
    </ClInclude>
    <ClInclude Include="math.h">
      <Filter>GameEngine\Misc</Filter>
    </ClInclude>
    <ClInclude Include="Stack.h">
      <Filter>GameEngine\Stack</Filter>
    </ClInclude>
    <ClInclude Include="StartupState.h">
      <Filter>Game\States\Startup</Filter>
    </ClInclude>
    <ClInclude Include="ResourceManager.h">
      <Filter>GameEngine\ResourceManager</Filter>
    </ClInclude>
    <ClInclude Include="InputManager.h">
      <Filter>GameEngine\InputManager</Filter>
    </ClInclude>
    <ClInclude Include="MainMenuState.h">
      <Filter>Game\States\MainMenuState</Filter>
    </ClInclude>
    <ClInclude Include="Button.h">
      <Filter>GameEngine\Menu\Button</Filter>
    </ClInclude>
    <ClInclude Include="Menu.h">
      <Filter>GameEngine\Menu\Menu</Filter>
    </ClInclude>
    <ClInclude Include="CreditState.h">
      <Filter>Game\States\CreditState</Filter>
    </ClInclude>
    <ClInclude Include="OptionState.h">
      <Filter>Game\States\OptionState</Filter>
    </ClInclude>
    <ClInclude Include="sfHelper.h">
      <Filter>GameEngine\Misc</Filter>
    </ClInclude>
    <ClInclude Include="Tilemap.h">
      <Filter>GameEngine\Tilemap</Filter>
    </ClInclude>
    <ClInclude Include="PlayState.h">
      <Filter>Game\States\PlayState</Filter>
    </ClInclude>
    <ClInclude Include="TilemapObject.h" />
  </ItemGroup>
</Project>